
Microsoft Visual Studio Solution File, Format Version 12.00
# Visual Studio Version 17
VisualStudioVersion = 17.5.002.0
MinimumVisualStudioVersion = 10.0.40219.1
Project("{9A19103F-16F7-4668-BE54-9A1E7A4F7556}") = "ConverterApp", "ConverterApp.csproj", "{4575CB96-2C64-49B7-B57E-036392626BC1}"
EndProject
Global
	GlobalSection(SolutionConfigurationPlatforms) = preSolution
		Debug|Any CPU = Debug|Any CPU
		Release|Any CPU = Release|Any CPU
	EndGlobalSection
	GlobalSection(ProjectConfigurationPlatforms) = postSolution
		{4575CB96-2C64-49B7-B57E-036392626BC1}.Debug|Any CPU.ActiveCfg = Debug|Any CPU
		{4575CB96-2C64-49B7-B57E-036392626BC1}.Debug|Any CPU.Build.0 = Debug|Any CPU
		{4575CB96-2C64-49B7-B57E-036392626BC1}.Release|Any CPU.ActiveCfg = Release|Any CPU
		{4575CB96-2C64-49B7-B57E-036392626BC1}.Release|Any CPU.Build.0 = Release|Any CPU
	EndGlobalSection
	GlobalSection(SolutionProperties) = preSolution
		HideSolutionNode = FALSE
	EndGlobalSection
	GlobalSection(ExtensibilityGlobals) = postSolution
		SolutionGuid = {37577B4D-8E19-4FC8-8A09-5E8EDD7977B5}
	EndGlobalSection
EndGlobal
